// !$*UTF8*$!
{
	archiveVersion = 1;
	classes = {
	};
	objectVersion = 56;
	objects = {

/* Begin PBXBuildFile section */
		0C96A53A2A421C4C00F57467 /* SymptomDiaryApp.swift in Sources */ = {isa = PBXBuildFile; fileRef = 0C96A5392A421C4C00F57467 /* SymptomDiaryApp.swift */; };
		0C96A53F2A421C4C00F57467 /* SymptomDiary.xcdatamodeld in Sources */ = {isa = PBXBuildFile; fileRef = 0C96A53D2A421C4C00F57467 /* SymptomDiary.xcdatamodeld */; };
		0C96A5412A421C4C00F57467 /* ContentView.swift in Sources */ = {isa = PBXBuildFile; fileRef = 0C96A5402A421C4C00F57467 /* ContentView.swift */; };
		0C96A5432A421C4E00F57467 /* Assets.xcassets in Resources */ = {isa = PBXBuildFile; fileRef = 0C96A5422A421C4E00F57467 /* Assets.xcassets */; };
		0C96A5472A421C4E00F57467 /* Preview Assets.xcassets in Resources */ = {isa = PBXBuildFile; fileRef = 0C96A5462A421C4E00F57467 /* Preview Assets.xcassets */; };
		0C96A5512A421C4E00F57467 /* SymptomDiaryTests.swift in Sources */ = {isa = PBXBuildFile; fileRef = 0C96A5502A421C4E00F57467 /* SymptomDiaryTests.swift */; };
		0C96A55B2A421C4E00F57467 /* SymptomDiaryUITests.swift in Sources */ = {isa = PBXBuildFile; fileRef = 0C96A55A2A421C4E00F57467 /* SymptomDiaryUITests.swift */; };
		0C96A55D2A421C4E00F57467 /* SymptomDiaryUITestsLaunchTests.swift in Sources */ = {isa = PBXBuildFile; fileRef = 0C96A55C2A421C4E00F57467 /* SymptomDiaryUITestsLaunchTests.swift */; };
		0C96A56A2A4224DA00F57467 /* HealthView.swift in Sources */ = {isa = PBXBuildFile; fileRef = 0C96A5692A4224DA00F57467 /* HealthView.swift */; };
		0C96A56D2A422C7B00F57467 /* RunnyNoseView.swift in Sources */ = {isa = PBXBuildFile; fileRef = 0C96A56C2A422C7B00F57467 /* RunnyNoseView.swift */; };
		0C96A5712A4232B700F57467 /* HealthKitService.swift in Sources */ = {isa = PBXBuildFile; fileRef = 0C96A5702A4232B700F57467 /* HealthKitService.swift */; };
/* End PBXBuildFile section */

/* Begin PBXContainerItemProxy section */
		0C96A54D2A421C4E00F57467 /* PBXContainerItemProxy */ = {
			isa = PBXContainerItemProxy;
			containerPortal = 0C96A52E2A421C4C00F57467 /* Project object */;
			proxyType = 1;
			remoteGlobalIDString = 0C96A5352A421C4C00F57467;
			remoteInfo = SymptomDiary;
		};
		0C96A5572A421C4E00F57467 /* PBXContainerItemProxy */ = {
			isa = PBXContainerItemProxy;
			containerPortal = 0C96A52E2A421C4C00F57467 /* Project object */;
			proxyType = 1;
			remoteGlobalIDString = 0C96A5352A421C4C00F57467;
			remoteInfo = SymptomDiary;
		};
/* End PBXContainerItemProxy section */

/* Begin PBXFileReference section */
		0C96A5362A421C4C00F57467 /* SymptomDiary.app */ = {isa = PBXFileReference; explicitFileType = wrapper.application; includeInIndex = 0; path = SymptomDiary.app; sourceTree = BUILT_PRODUCTS_DIR; };
		0C96A5392A421C4C00F57467 /* SymptomDiaryApp.swift */ = {isa = PBXFileReference; lastKnownFileType = sourcecode.swift; path = SymptomDiaryApp.swift; sourceTree = "<group>"; };
		0C96A53E2A421C4C00F57467 /* SymptomDiary.xcdatamodel */ = {isa = PBXFileReference; lastKnownFileType = wrapper.xcdatamodel; path = SymptomDiary.xcdatamodel; sourceTree = "<group>"; };
		0C96A5402A421C4C00F57467 /* ContentView.swift */ = {isa = PBXFileReference; lastKnownFileType = sourcecode.swift; path = ContentView.swift; sourceTree = "<group>"; };
		0C96A5422A421C4E00F57467 /* Assets.xcassets */ = {isa = PBXFileReference; lastKnownFileType = folder.assetcatalog; path = Assets.xcassets; sourceTree = "<group>"; };
		0C96A5442A421C4E00F57467 /* SymptomDiary.entitlements */ = {isa = PBXFileReference; lastKnownFileType = text.plist.entitlements; path = SymptomDiary.entitlements; sourceTree = "<group>"; };
		0C96A5462A421C4E00F57467 /* Preview Assets.xcassets */ = {isa = PBXFileReference; lastKnownFileType = folder.assetcatalog; path = "Preview Assets.xcassets"; sourceTree = "<group>"; };
		0C96A54C2A421C4E00F57467 /* SymptomDiaryTests.xctest */ = {isa = PBXFileReference; explicitFileType = wrapper.cfbundle; includeInIndex = 0; path = SymptomDiaryTests.xctest; sourceTree = BUILT_PRODUCTS_DIR; };
		0C96A5502A421C4E00F57467 /* SymptomDiaryTests.swift */ = {isa = PBXFileReference; lastKnownFileType = sourcecode.swift; path = SymptomDiaryTests.swift; sourceTree = "<group>"; };
		0C96A5562A421C4E00F57467 /* SymptomDiaryUITests.xctest */ = {isa = PBXFileReference; explicitFileType = wrapper.cfbundle; includeInIndex = 0; path = SymptomDiaryUITests.xctest; sourceTree = BUILT_PRODUCTS_DIR; };
		0C96A55A2A421C4E00F57467 /* SymptomDiaryUITests.swift */ = {isa = PBXFileReference; lastKnownFileType = sourcecode.swift; path = SymptomDiaryUITests.swift; sourceTree = "<group>"; };
		0C96A55C2A421C4E00F57467 /* SymptomDiaryUITestsLaunchTests.swift */ = {isa = PBXFileReference; lastKnownFileType = sourcecode.swift; path = SymptomDiaryUITestsLaunchTests.swift; sourceTree = "<group>"; };
		0C96A5692A4224DA00F57467 /* HealthView.swift */ = {isa = PBXFileReference; lastKnownFileType = sourcecode.swift; path = HealthView.swift; sourceTree = "<group>"; };
		0C96A56B2A4229AD00F57467 /* Info.plist */ = {isa = PBXFileReference; lastKnownFileType = text.plist; path = Info.plist; sourceTree = "<group>"; };
		0C96A56C2A422C7B00F57467 /* RunnyNoseView.swift */ = {isa = PBXFileReference; lastKnownFileType = sourcecode.swift; path = RunnyNoseView.swift; sourceTree = "<group>"; };
		0C96A5702A4232B700F57467 /* HealthKitService.swift */ = {isa = PBXFileReference; lastKnownFileType = sourcecode.swift; path = HealthKitService.swift; sourceTree = "<group>"; };
		0C96A5722A423C9900F57467 /* README.md */ = {isa = PBXFileReference; lastKnownFileType = net.daringfireball.markdown; path = README.md; sourceTree = "<group>"; };
/* End PBXFileReference section */

/* Begin PBXFrameworksBuildPhase section */
		0C96A5332A421C4C00F57467 /* Frameworks */ = {
			isa = PBXFrameworksBuildPhase;
			buildActionMask = 2147483647;
			files = (
			);
			runOnlyForDeploymentPostprocessing = 0;
		};
		0C96A5492A421C4E00F57467 /* Frameworks */ = {
			isa = PBXFrameworksBuildPhase;
			buildActionMask = 2147483647;
			files = (
			);
			runOnlyForDeploymentPostprocessing = 0;
		};
		0C96A5532A421C4E00F57467 /* Frameworks */ = {
			isa = PBXFrameworksBuildPhase;
			buildActionMask = 2147483647;
			files = (
			);
			runOnlyForDeploymentPostprocessing = 0;
		};
/* End PBXFrameworksBuildPhase section */

/* Begin PBXGroup section */
		0C96A52D2A421C4C00F57467 = {
			isa = PBXGroup;
			children = (
				0C96A5722A423C9900F57467 /* README.md */,
				0C96A5382A421C4C00F57467 /* SymptomDiary */,
				0C96A54F2A421C4E00F57467 /* SymptomDiaryTests */,
				0C96A5592A421C4E00F57467 /* SymptomDiaryUITests */,
				0C96A5372A421C4C00F57467 /* Products */,
			);
			sourceTree = "<group>";
		};
		0C96A5372A421C4C00F57467 /* Products */ = {
			isa = PBXGroup;
			children = (
				0C96A5362A421C4C00F57467 /* SymptomDiary.app */,
				0C96A54C2A421C4E00F57467 /* SymptomDiaryTests.xctest */,
				0C96A5562A421C4E00F57467 /* SymptomDiaryUITests.xctest */,
			);
			name = Products;
			sourceTree = "<group>";
		};
		0C96A5382A421C4C00F57467 /* SymptomDiary */ = {
			isa = PBXGroup;
			children = (
				0C96A56F2A42329900F57467 /* Helpers */,
				0C96A56B2A4229AD00F57467 /* Info.plist */,
				0C96A5392A421C4C00F57467 /* SymptomDiaryApp.swift */,
				0C96A5402A421C4C00F57467 /* ContentView.swift */,
				0C96A5422A421C4E00F57467 /* Assets.xcassets */,
				0C96A5442A421C4E00F57467 /* SymptomDiary.entitlements */,
				0C96A53D2A421C4C00F57467 /* SymptomDiary.xcdatamodeld */,
				0C96A5452A421C4E00F57467 /* Preview Content */,
				0C96A5692A4224DA00F57467 /* HealthView.swift */,
				0C96A56C2A422C7B00F57467 /* RunnyNoseView.swift */,
			);
			path = SymptomDiary;
			sourceTree = "<group>";
		};
		0C96A5452A421C4E00F57467 /* Preview Content */ = {
			isa = PBXGroup;
			children = (
				0C96A5462A421C4E00F57467 /* Preview Assets.xcassets */,
			);
			path = "Preview Content";
			sourceTree = "<group>";
		};
		0C96A54F2A421C4E00F57467 /* SymptomDiaryTests */ = {
			isa = PBXGroup;
			children = (
				0C96A5502A421C4E00F57467 /* SymptomDiaryTests.swift */,
			);
			path = SymptomDiaryTests;
			sourceTree = "<group>";
		};
		0C96A5592A421C4E00F57467 /* SymptomDiaryUITests */ = {
			isa = PBXGroup;
			children = (
				0C96A55A2A421C4E00F57467 /* SymptomDiaryUITests.swift */,
				0C96A55C2A421C4E00F57467 /* SymptomDiaryUITestsLaunchTests.swift */,
			);
			path = SymptomDiaryUITests;
			sourceTree = "<group>";
		};
		0C96A56F2A42329900F57467 /* Helpers */ = {
			isa = PBXGroup;
			children = (
				0C96A5702A4232B700F57467 /* HealthKitService.swift */,
			);
			path = Helpers;
			sourceTree = "<group>";
		};
/* End PBXGroup section */

/* Begin PBXNativeTarget section */
		0C96A5352A421C4C00F57467 /* SymptomDiary */ = {
			isa = PBXNativeTarget;
			buildConfigurationList = 0C96A5602A421C4E00F57467 /* Build configuration list for PBXNativeTarget "SymptomDiary" */;
			buildPhases = (
				0C96A5322A421C4C00F57467 /* Sources */,
				0C96A5332A421C4C00F57467 /* Frameworks */,
				0C96A5342A421C4C00F57467 /* Resources */,
			);
			buildRules = (
			);
			dependencies = (
			);
			name = SymptomDiary;
			productName = SymptomDiary;
			productReference = 0C96A5362A421C4C00F57467 /* SymptomDiary.app */;
			productType = "com.apple.product-type.application";
		};
		0C96A54B2A421C4E00F57467 /* SymptomDiaryTests */ = {
			isa = PBXNativeTarget;
			buildConfigurationList = 0C96A5632A421C4E00F57467 /* Build configuration list for PBXNativeTarget "SymptomDiaryTests" */;
			buildPhases = (
				0C96A5482A421C4E00F57467 /* Sources */,
				0C96A5492A421C4E00F57467 /* Frameworks */,
				0C96A54A2A421C4E00F57467 /* Resources */,
			);
			buildRules = (
			);
			dependencies = (
				0C96A54E2A421C4E00F57467 /* PBXTargetDependency */,
			);
			name = SymptomDiaryTests;
			productName = SymptomDiaryTests;
			productReference = 0C96A54C2A421C4E00F57467 /* SymptomDiaryTests.xctest */;
			productType = "com.apple.product-type.bundle.unit-test";
		};
		0C96A5552A421C4E00F57467 /* SymptomDiaryUITests */ = {
			isa = PBXNativeTarget;
			buildConfigurationList = 0C96A5662A421C4E00F57467 /* Build configuration list for PBXNativeTarget "SymptomDiaryUITests" */;
			buildPhases = (
				0C96A5522A421C4E00F57467 /* Sources */,
				0C96A5532A421C4E00F57467 /* Frameworks */,
				0C96A5542A421C4E00F57467 /* Resources */,
			);
			buildRules = (
			);
			dependencies = (
				0C96A5582A421C4E00F57467 /* PBXTargetDependency */,
			);
			name = SymptomDiaryUITests;
			productName = SymptomDiaryUITests;
			productReference = 0C96A5562A421C4E00F57467 /* SymptomDiaryUITests.xctest */;
			productType = "com.apple.product-type.bundle.ui-testing";
		};
/* End PBXNativeTarget section */

/* Begin PBXProject section */
		0C96A52E2A421C4C00F57467 /* Project object */ = {
			isa = PBXProject;
			attributes = {
				BuildIndependentTargetsInParallel = 1;
				LastSwiftUpdateCheck = 1430;
				LastUpgradeCheck = 1430;
				TargetAttributes = {
					0C96A5352A421C4C00F57467 = {
						CreatedOnToolsVersion = 14.3.1;
					};
					0C96A54B2A421C4E00F57467 = {
						CreatedOnToolsVersion = 14.3.1;
						TestTargetID = 0C96A5352A421C4C00F57467;
					};
					0C96A5552A421C4E00F57467 = {
						CreatedOnToolsVersion = 14.3.1;
						TestTargetID = 0C96A5352A421C4C00F57467;
					};
				};
			};
			buildConfigurationList = 0C96A5312A421C4C00F57467 /* Build configuration list for PBXProject "SymptomDiary" */;
			compatibilityVersion = "Xcode 14.0";
			developmentRegion = en;
			hasScannedForEncodings = 0;
			knownRegions = (
				en,
				Base,
			);
			mainGroup = 0C96A52D2A421C4C00F57467;
			productRefGroup = 0C96A5372A421C4C00F57467 /* Products */;
			projectDirPath = "";
			projectRoot = "";
			targets = (
				0C96A5352A421C4C00F57467 /* SymptomDiary */,
				0C96A54B2A421C4E00F57467 /* SymptomDiaryTests */,
				0C96A5552A421C4E00F57467 /* SymptomDiaryUITests */,
			);
		};
/* End PBXProject section */

/* Begin PBXResourcesBuildPhase section */
		0C96A5342A421C4C00F57467 /* Resources */ = {
			isa = PBXResourcesBuildPhase;
			buildActionMask = 2147483647;
			files = (
				0C96A5472A421C4E00F57467 /* Preview Assets.xcassets in Resources */,
				0C96A5432A421C4E00F57467 /* Assets.xcassets in Resources */,
			);
			runOnlyForDeploymentPostprocessing = 0;
		};
		0C96A54A2A421C4E00F57467 /* Resources */ = {
			isa = PBXResourcesBuildPhase;
			buildActionMask = 2147483647;
			files = (
			);
			runOnlyForDeploymentPostprocessing = 0;
		};
		0C96A5542A421C4E00F57467 /* Resources */ = {
			isa = PBXResourcesBuildPhase;
			buildActionMask = 2147483647;
			files = (
			);
			runOnlyForDeploymentPostprocessing = 0;
		};
/* End PBXResourcesBuildPhase section */

/* Begin PBXSourcesBuildPhase section */
		0C96A5322A421C4C00F57467 /* Sources */ = {
			isa = PBXSourcesBuildPhase;
			buildActionMask = 2147483647;
			files = (
				0C96A56A2A4224DA00F57467 /* HealthView.swift in Sources */,
				0C96A53A2A421C4C00F57467 /* SymptomDiaryApp.swift in Sources */,
				0C96A5712A4232B700F57467 /* HealthKitService.swift in Sources */,
				0C96A56D2A422C7B00F57467 /* RunnyNoseView.swift in Sources */,
				0C96A53F2A421C4C00F57467 /* SymptomDiary.xcdatamodeld in Sources */,
				0C96A5412A421C4C00F57467 /* ContentView.swift in Sources */,
			);
			runOnlyForDeploymentPostprocessing = 0;
		};
		0C96A5482A421C4E00F57467 /* Sources */ = {
			isa = PBXSourcesBuildPhase;
			buildActionMask = 2147483647;
			files = (
				0C96A5512A421C4E00F57467 /* SymptomDiaryTests.swift in Sources */,
			);
			runOnlyForDeploymentPostprocessing = 0;
		};
		0C96A5522A421C4E00F57467 /* Sources */ = {
			isa = PBXSourcesBuildPhase;
			buildActionMask = 2147483647;
			files = (
				0C96A55D2A421C4E00F57467 /* SymptomDiaryUITestsLaunchTests.swift in Sources */,
				0C96A55B2A421C4E00F57467 /* SymptomDiaryUITests.swift in Sources */,
			);
			runOnlyForDeploymentPostprocessing = 0;
		};
/* End PBXSourcesBuildPhase section */

/* Begin PBXTargetDependency section */
		0C96A54E2A421C4E00F57467 /* PBXTargetDependency */ = {
			isa = PBXTargetDependency;
			target = 0C96A5352A421C4C00F57467 /* SymptomDiary */;
			targetProxy = 0C96A54D2A421C4E00F57467 /* PBXContainerItemProxy */;
		};
		0C96A5582A421C4E00F57467 /* PBXTargetDependency */ = {
			isa = PBXTargetDependency;
			target = 0C96A5352A421C4C00F57467 /* SymptomDiary */;
			targetProxy = 0C96A5572A421C4E00F57467 /* PBXContainerItemProxy */;
		};
/* End PBXTargetDependency section */

/* Begin XCBuildConfiguration section */
		0C96A55E2A421C4E00F57467 /* Debug */ = {
			isa = XCBuildConfiguration;
			buildSettings = {
				ALWAYS_SEARCH_USER_PATHS = NO;
				CLANG_ANALYZER_NONNULL = YES;
				CLANG_ANALYZER_NUMBER_OBJECT_CONVERSION = YES_AGGRESSIVE;
				CLANG_CXX_LANGUAGE_STANDARD = "gnu++20";
				CLANG_ENABLE_MODULES = YES;
				CLANG_ENABLE_OBJC_ARC = YES;
				CLANG_ENABLE_OBJC_WEAK = YES;
				CLANG_WARN_BLOCK_CAPTURE_AUTORELEASING = YES;
				CLANG_WARN_BOOL_CONVERSION = YES;
				CLANG_WARN_COMMA = YES;
				CLANG_WARN_CONSTANT_CONVERSION = YES;
				CLANG_WARN_DEPRECATED_OBJC_IMPLEMENTATIONS = YES;
				CLANG_WARN_DIRECT_OBJC_ISA_USAGE = YES_ERROR;
				CLANG_WARN_DOCUMENTATION_COMMENTS = YES;
				CLANG_WARN_EMPTY_BODY = YES;
				CLANG_WARN_ENUM_CONVERSION = YES;
				CLANG_WARN_INFINITE_RECURSION = YES;
				CLANG_WARN_INT_CONVERSION = YES;
				CLANG_WARN_NON_LITERAL_NULL_CONVERSION = YES;
				CLANG_WARN_OBJC_IMPLICIT_RETAIN_SELF = YES;
				CLANG_WARN_OBJC_LITERAL_CONVERSION = YES;
				CLANG_WARN_OBJC_ROOT_CLASS = YES_ERROR;
				CLANG_WARN_QUOTED_INCLUDE_IN_FRAMEWORK_HEADER = YES;
				CLANG_WARN_RANGE_LOOP_ANALYSIS = YES;
				CLANG_WARN_STRICT_PROTOTYPES = YES;
				CLANG_WARN_SUSPICIOUS_MOVE = YES;
				CLANG_WARN_UNGUARDED_AVAILABILITY = YES_AGGRESSIVE;
				CLANG_WARN_UNREACHABLE_CODE = YES;
				CLANG_WARN__DUPLICATE_METHOD_MATCH = YES;
				COPY_PHASE_STRIP = NO;
				DEBUG_INFORMATION_FORMAT = dwarf;
				ENABLE_STRICT_OBJC_MSGSEND = YES;
				ENABLE_TESTABILITY = YES;
				GCC_C_LANGUAGE_STANDARD = gnu11;
				GCC_DYNAMIC_NO_PIC = NO;
				GCC_NO_COMMON_BLOCKS = YES;
				GCC_OPTIMIZATION_LEVEL = 0;
				GCC_PREPROCESSOR_DEFINITIONS = (
					"DEBUG=1",
					"$(inherited)",
				);
				GCC_WARN_64_TO_32_BIT_CONVERSION = YES;
				GCC_WARN_ABOUT_RETURN_TYPE = YES_ERROR;
				GCC_WARN_UNDECLARED_SELECTOR = YES;
				GCC_WARN_UNINITIALIZED_AUTOS = YES_AGGRESSIVE;
				GCC_WARN_UNUSED_FUNCTION = YES;
				GCC_WARN_UNUSED_VARIABLE = YES;
				IPHONEOS_DEPLOYMENT_TARGET = 16.4;
				MTL_ENABLE_DEBUG_INFO = INCLUDE_SOURCE;
				MTL_FAST_MATH = YES;
				ONLY_ACTIVE_ARCH = YES;
				SWIFT_ACTIVE_COMPILATION_CONDITIONS = DEBUG;
				SWIFT_OPTIMIZATION_LEVEL = "-Onone";
			};
			name = Debug;
		};
		0C96A55F2A421C4E00F57467 /* Release */ = {
			isa = XCBuildConfiguration;
			buildSettings = {
				ALWAYS_SEARCH_USER_PATHS = NO;
				CLANG_ANALYZER_NONNULL = YES;
				CLANG_ANALYZER_NUMBER_OBJECT_CONVERSION = YES_AGGRESSIVE;
				CLANG_CXX_LANGUAGE_STANDARD = "gnu++20";
				CLANG_ENABLE_MODULES = YES;
				CLANG_ENABLE_OBJC_ARC = YES;
				CLANG_ENABLE_OBJC_WEAK = YES;
				CLANG_WARN_BLOCK_CAPTURE_AUTORELEASING = YES;
				CLANG_WARN_BOOL_CONVERSION = YES;
				CLANG_WARN_COMMA = YES;
				CLANG_WARN_CONSTANT_CONVERSION = YES;
				CLANG_WARN_DEPRECATED_OBJC_IMPLEMENTATIONS = YES;
				CLANG_WARN_DIRECT_OBJC_ISA_USAGE = YES_ERROR;
				CLANG_WARN_DOCUMENTATION_COMMENTS = YES;
				CLANG_WARN_EMPTY_BODY = YES;
				CLANG_WARN_ENUM_CONVERSION = YES;
				CLANG_WARN_INFINITE_RECURSION = YES;
				CLANG_WARN_INT_CONVERSION = YES;
				CLANG_WARN_NON_LITERAL_NULL_CONVERSION = YES;
				CLANG_WARN_OBJC_IMPLICIT_RETAIN_SELF = YES;
				CLANG_WARN_OBJC_LITERAL_CONVERSION = YES;
				CLANG_WARN_OBJC_ROOT_CLASS = YES_ERROR;
				CLANG_WARN_QUOTED_INCLUDE_IN_FRAMEWORK_HEADER = YES;
				CLANG_WARN_RANGE_LOOP_ANALYSIS = YES;
				CLANG_WARN_STRICT_PROTOTYPES = YES;
				CLANG_WARN_SUSPICIOUS_MOVE = YES;
				CLANG_WARN_UNGUARDED_AVAILABILITY = YES_AGGRESSIVE;
				CLANG_WARN_UNREACHABLE_CODE = YES;
				CLANG_WARN__DUPLICATE_METHOD_MATCH = YES;
				COPY_PHASE_STRIP = NO;
				DEBUG_INFORMATION_FORMAT = "dwarf-with-dsym";
				ENABLE_NS_ASSERTIONS = NO;
				ENABLE_STRICT_OBJC_MSGSEND = YES;
				GCC_C_LANGUAGE_STANDARD = gnu11;
				GCC_NO_COMMON_BLOCKS = YES;
				GCC_WARN_64_TO_32_BIT_CONVERSION = YES;
				GCC_WARN_ABOUT_RETURN_TYPE = YES_ERROR;
				GCC_WARN_UNDECLARED_SELECTOR = YES;
				GCC_WARN_UNINITIALIZED_AUTOS = YES_AGGRESSIVE;
				GCC_WARN_UNUSED_FUNCTION = YES;
				GCC_WARN_UNUSED_VARIABLE = YES;
				IPHONEOS_DEPLOYMENT_TARGET = 16.4;
				MTL_ENABLE_DEBUG_INFO = NO;
				MTL_FAST_MATH = YES;
				SWIFT_COMPILATION_MODE = wholemodule;
				SWIFT_OPTIMIZATION_LEVEL = "-O";
			};
			name = Release;
		};
		0C96A5612A421C4E00F57467 /* Debug */ = {
			isa = XCBuildConfiguration;
			buildSettings = {
				ASSETCATALOG_COMPILER_APPICON_NAME = AppIcon;
				ASSETCATALOG_COMPILER_GLOBAL_ACCENT_COLOR_NAME = AccentColor;
				CODE_SIGN_ENTITLEMENTS = SymptomDiary/SymptomDiary.entitlements;
				CODE_SIGN_STYLE = Automatic;
				CURRENT_PROJECT_VERSION = 1;
				DEVELOPMENT_ASSET_PATHS = "\"SymptomDiary/Preview Content\"";
				DEVELOPMENT_TEAM = BWMWYHN53X;
				ENABLE_HARDENED_RUNTIME = YES;
				ENABLE_PREVIEWS = YES;
				GENERATE_INFOPLIST_FILE = YES;
				INFOPLIST_FILE = SymptomDiary/Info.plist;
				INFOPLIST_KEY_CFBundleDisplayName = SymptomDiary;
				INFOPLIST_KEY_LSApplicationCategoryType = "public.app-category.healthcare-fitness";
				"INFOPLIST_KEY_UIApplicationSceneManifest_Generation[sdk=iphoneos*]" = YES;
				"INFOPLIST_KEY_UIApplicationSceneManifest_Generation[sdk=iphonesimulator*]" = YES;
				"INFOPLIST_KEY_UIApplicationSupportsIndirectInputEvents[sdk=iphoneos*]" = YES;
				"INFOPLIST_KEY_UIApplicationSupportsIndirectInputEvents[sdk=iphonesimulator*]" = YES;
				"INFOPLIST_KEY_UILaunchScreen_Generation[sdk=iphoneos*]" = YES;
				"INFOPLIST_KEY_UILaunchScreen_Generation[sdk=iphonesimulator*]" = YES;
				INFOPLIST_KEY_UIStatusBarHidden = NO;
				INFOPLIST_KEY_UIStatusBarStyle = "";
				"INFOPLIST_KEY_UIStatusBarStyle[sdk=iphoneos*]" = UIStatusBarStyleDefault;
				"INFOPLIST_KEY_UIStatusBarStyle[sdk=iphonesimulator*]" = UIStatusBarStyleDefault;
				INFOPLIST_KEY_UISupportedInterfaceOrientations_iPad = "UIInterfaceOrientationPortrait UIInterfaceOrientationPortraitUpsideDown UIInterfaceOrientationLandscapeLeft UIInterfaceOrientationLandscapeRight";
				INFOPLIST_KEY_UISupportedInterfaceOrientations_iPhone = "UIInterfaceOrientationPortrait UIInterfaceOrientationLandscapeLeft UIInterfaceOrientationLandscapeRight";
				IPHONEOS_DEPLOYMENT_TARGET = 16.4;
				LD_RUNPATH_SEARCH_PATHS = "@executable_path/Frameworks";
				"LD_RUNPATH_SEARCH_PATHS[sdk=macosx*]" = "@executable_path/../Frameworks";
				MACOSX_DEPLOYMENT_TARGET = 13.3;
				MARKETING_VERSION = 1.0;
				PRODUCT_BUNDLE_IDENTIFIER = com.SymptomDiary.SymptomDiary;
				PRODUCT_NAME = "$(TARGET_NAME)";
				SDKROOT = auto;
				SUPPORTED_PLATFORMS = "iphoneos iphonesimulator";
				SUPPORTS_MACCATALYST = NO;
				SUPPORTS_MAC_DESIGNED_FOR_IPHONE_IPAD = NO;
				SWIFT_EMIT_LOC_STRINGS = YES;
				SWIFT_VERSION = 5.0;
				TARGETED_DEVICE_FAMILY = 1;
			};
			name = Debug;
		};
		0C96A5622A421C4E00F57467 /* Release */ = {
			isa = XCBuildConfiguration;
			buildSettings = {
				ASSETCATALOG_COMPILER_APPICON_NAME = AppIcon;
				ASSETCATALOG_COMPILER_GLOBAL_ACCENT_COLOR_NAME = AccentColor;
				CODE_SIGN_ENTITLEMENTS = SymptomDiary/SymptomDiary.entitlements;
				CODE_SIGN_STYLE = Automatic;
				CURRENT_PROJECT_VERSION = 1;
				DEVELOPMENT_ASSET_PATHS = "\"SymptomDiary/Preview Content\"";
				DEVELOPMENT_TEAM = BWMWYHN53X;
				ENABLE_HARDENED_RUNTIME = YES;
				ENABLE_PREVIEWS = YES;
				GENERATE_INFOPLIST_FILE = YES;
				INFOPLIST_FILE = SymptomDiary/Info.plist;
				INFOPLIST_KEY_CFBundleDisplayName = SymptomDiary;
				INFOPLIST_KEY_LSApplicationCategoryType = "public.app-category.healthcare-fitness";
				"INFOPLIST_KEY_UIApplicationSceneManifest_Generation[sdk=iphoneos*]" = YES;
				"INFOPLIST_KEY_UIApplicationSceneManifest_Generation[sdk=iphonesimulator*]" = YES;
				"INFOPLIST_KEY_UIApplicationSupportsIndirectInputEvents[sdk=iphoneos*]" = YES;
				"INFOPLIST_KEY_UIApplicationSupportsIndirectInputEvents[sdk=iphonesimulator*]" = YES;
				"INFOPLIST_KEY_UILaunchScreen_Generation[sdk=iphoneos*]" = YES;
				"INFOPLIST_KEY_UILaunchScreen_Generation[sdk=iphonesimulator*]" = YES;
				INFOPLIST_KEY_UIStatusBarHidden = NO;
				INFOPLIST_KEY_UIStatusBarStyle = "";
				"INFOPLIST_KEY_UIStatusBarStyle[sdk=iphoneos*]" = UIStatusBarStyleDefault;
				"INFOPLIST_KEY_UIStatusBarStyle[sdk=iphonesimulator*]" = UIStatusBarStyleDefault;
				INFOPLIST_KEY_UISupportedInterfaceOrientations_iPad = "UIInterfaceOrientationPortrait UIInterfaceOrientationPortraitUpsideDown UIInterfaceOrientationLandscapeLeft UIInterfaceOrientationLandscapeRight";
				INFOPLIST_KEY_UISupportedInterfaceOrientations_iPhone = "UIInterfaceOrientationPortrait UIInterfaceOrientationLandscapeLeft UIInterfaceOrientationLandscapeRight";
				IPHONEOS_DEPLOYMENT_TARGET = 16.4;
				LD_RUNPATH_SEARCH_PATHS = "@executable_path/Frameworks";
				"LD_RUNPATH_SEARCH_PATHS[sdk=macosx*]" = "@executable_path/../Frameworks";
				MACOSX_DEPLOYMENT_TARGET = 13.3;
				MARKETING_VERSION = 1.0;
				PRODUCT_BUNDLE_IDENTIFIER = com.SymptomDiary.SymptomDiary;
				PRODUCT_NAME = "$(TARGET_NAME)";
				SDKROOT = auto;
				SUPPORTED_PLATFORMS = "iphoneos iphonesimulator";
				SUPPORTS_MACCATALYST = NO;
				SUPPORTS_MAC_DESIGNED_FOR_IPHONE_IPAD = NO;
				SWIFT_EMIT_LOC_STRINGS = YES;
				SWIFT_VERSION = 5.0;
				TARGETED_DEVICE_FAMILY = 1;
			};
			name = Release;
		};
		0C96A5642A421C4E00F57467 /* Debug */ = {
			isa = XCBuildConfiguration;
			buildSettings = {
				ALWAYS_EMBED_SWIFT_STANDARD_LIBRARIES = YES;
				BUNDLE_LOADER = "$(TEST_HOST)";
				CODE_SIGN_STYLE = Automatic;
				CURRENT_PROJECT_VERSION = 1;
				DEVELOPMENT_TEAM = BWMWYHN53X;
				GENERATE_INFOPLIST_FILE = YES;
				IPHONEOS_DEPLOYMENT_TARGET = 16.4;
				MACOSX_DEPLOYMENT_TARGET = 13.3;
				MARKETING_VERSION = 1.0;
				PRODUCT_BUNDLE_IDENTIFIER = com.SymptomDiary.SymptomDiaryTests;
				PRODUCT_NAME = "$(TARGET_NAME)";
				SDKROOT = auto;
				SUPPORTED_PLATFORMS = "iphoneos iphonesimulator";
				SUPPORTS_MACCATALYST = NO;
				SUPPORTS_MAC_DESIGNED_FOR_IPHONE_IPAD = NO;
				SWIFT_EMIT_LOC_STRINGS = NO;
				SWIFT_VERSION = 5.0;
				TARGETED_DEVICE_FAMILY = 1;
				TEST_HOST = "$(BUILT_PRODUCTS_DIR)/SymptomDiary.app/$(BUNDLE_EXECUTABLE_FOLDER_PATH)/SymptomDiary";
			};
			name = Debug;
		};
		0C96A5652A421C4E00F57467 /* Release */ = {
			isa = XCBuildConfiguration;
			buildSettings = {
				ALWAYS_EMBED_SWIFT_STANDARD_LIBRARIES = YES;
				BUNDLE_LOADER = "$(TEST_HOST)";
				CODE_SIGN_STYLE = Automatic;
				CURRENT_PROJECT_VERSION = 1;
				DEVELOPMENT_TEAM = BWMWYHN53X;
				GENERATE_INFOPLIST_FILE = YES;
				IPHONEOS_DEPLOYMENT_TARGET = 16.4;
				MACOSX_DEPLOYMENT_TARGET = 13.3;
				MARKETING_VERSION = 1.0;
				PRODUCT_BUNDLE_IDENTIFIER = com.SymptomDiary.SymptomDiaryTests;
				PRODUCT_NAME = "$(TARGET_NAME)";
				SDKROOT = auto;
				SUPPORTED_PLATFORMS = "iphoneos iphonesimulator";
				SUPPORTS_MACCATALYST = NO;
				SUPPORTS_MAC_DESIGNED_FOR_IPHONE_IPAD = NO;
				SWIFT_EMIT_LOC_STRINGS = NO;
				SWIFT_VERSION = 5.0;
				TARGETED_DEVICE_FAMILY = 1;
				TEST_HOST = "$(BUILT_PRODUCTS_DIR)/SymptomDiary.app/$(BUNDLE_EXECUTABLE_FOLDER_PATH)/SymptomDiary";
			};
			name = Release;
		};
		0C96A5672A421C4E00F57467 /* Debug */ = {
			isa = XCBuildConfiguration;
			buildSettings = {
				ALWAYS_EMBED_SWIFT_STANDARD_LIBRARIES = YES;
				CODE_SIGN_STYLE = Automatic;
				CURRENT_PROJECT_VERSION = 1;
				DEVELOPMENT_TEAM = BWMWYHN53X;
				GENERATE_INFOPLIST_FILE = YES;
				IPHONEOS_DEPLOYMENT_TARGET = 16.4;
				MACOSX_DEPLOYMENT_TARGET = 13.3;
				MARKETING_VERSION = 1.0;
				PRODUCT_BUNDLE_IDENTIFIER = com.SymptomDiary.SymptomDiaryUITests;
				PRODUCT_NAME = "$(TARGET_NAME)";
				SDKROOT = auto;
				SUPPORTED_PLATFORMS = "iphoneos iphonesimulator";
				SUPPORTS_MACCATALYST = NO;
				SUPPORTS_MAC_DESIGNED_FOR_IPHONE_IPAD = NO;
				SWIFT_EMIT_LOC_STRINGS = NO;
				SWIFT_VERSION = 5.0;
				TARGETED_DEVICE_FAMILY = 1;
				TEST_TARGET_NAME = SymptomDiary;
			};
			name = Debug;
		};
		0C96A5682A421C4E00F57467 /* Release */ = {
			isa = XCBuildConfiguration;
			buildSettings = {
				ALWAYS_EMBED_SWIFT_STANDARD_LIBRARIES = YES;
				CODE_SIGN_STYLE = Automatic;
				CURRENT_PROJECT_VERSION = 1;
				DEVELOPMENT_TEAM = BWMWYHN53X;
				GENERATE_INFOPLIST_FILE = YES;
				IPHONEOS_DEPLOYMENT_TARGET = 16.4;
				MACOSX_DEPLOYMENT_TARGET = 13.3;
				MARKETING_VERSION = 1.0;
				PRODUCT_BUNDLE_IDENTIFIER = com.SymptomDiary.SymptomDiaryUITests;
				PRODUCT_NAME = "$(TARGET_NAME)";
				SDKROOT = auto;
				SUPPORTED_PLATFORMS = "iphoneos iphonesimulator";
				SUPPORTS_MACCATALYST = NO;
				SUPPORTS_MAC_DESIGNED_FOR_IPHONE_IPAD = NO;
				SWIFT_EMIT_LOC_STRINGS = NO;
				SWIFT_VERSION = 5.0;
				TARGETED_DEVICE_FAMILY = 1;
				TEST_TARGET_NAME = SymptomDiary;
			};
			name = Release;
		};
/* End XCBuildConfiguration section */

/* Begin XCConfigurationList section */
		0C96A5312A421C4C00F57467 /* Build configuration list for PBXProject "SymptomDiary" */ = {
			isa = XCConfigurationList;
			buildConfigurations = (
				0C96A55E2A421C4E00F57467 /* Debug */,
				0C96A55F2A421C4E00F57467 /* Release */,
			);
			defaultConfigurationIsVisible = 0;
			defaultConfigurationName = Release;
		};
		0C96A5602A421C4E00F57467 /* Build configuration list for PBXNativeTarget "SymptomDiary" */ = {
			isa = XCConfigurationList;
			buildConfigurations = (
				0C96A5612A421C4E00F57467 /* Debug */,
				0C96A5622A421C4E00F57467 /* Release */,
			);
			defaultConfigurationIsVisible = 0;
			defaultConfigurationName = Release;
		};
		0C96A5632A421C4E00F57467 /* Build configuration list for PBXNativeTarget "SymptomDiaryTests" */ = {
			isa = XCConfigurationList;
			buildConfigurations = (
				0C96A5642A421C4E00F57467 /* Debug */,
				0C96A5652A421C4E00F57467 /* Release */,
			);
			defaultConfigurationIsVisible = 0;
			defaultConfigurationName = Release;
		};
		0C96A5662A421C4E00F57467 /* Build configuration list for PBXNativeTarget "SymptomDiaryUITests" */ = {
			isa = XCConfigurationList;
			buildConfigurations = (
				0C96A5672A421C4E00F57467 /* Debug */,
				0C96A5682A421C4E00F57467 /* Release */,
			);
			defaultConfigurationIsVisible = 0;
			defaultConfigurationName = Release;
		};
/* End XCConfigurationList section */

/* Begin XCVersionGroup section */
		0C96A53D2A421C4C00F57467 /* SymptomDiary.xcdatamodeld */ = {
			isa = XCVersionGroup;
			children = (
				0C96A53E2A421C4C00F57467 /* SymptomDiary.xcdatamodel */,
			);
			currentVersion = 0C96A53E2A421C4C00F57467 /* SymptomDiary.xcdatamodel */;
			path = SymptomDiary.xcdatamodeld;
			sourceTree = "<group>";
			versionGroupType = wrapper.xcdatamodel;
		};
/* End XCVersionGroup section */
	};
	rootObject = 0C96A52E2A421C4C00F57467 /* Project object */;
}
